// !$*UTF8*$!
{
	archiveVersion = 1;
	classes = {
	};
	objectVersion = 56;
	objects = {

/* Begin PBXBuildFile section */
		65A96E242BAF479000FE11EF /* AppFeature.swift in Sources */ = {isa = PBXBuildFile; fileRef = 65A96E232BAF479000FE11EF /* AppFeature.swift */; };
		65A96E272BAF485E00FE11EF /* CharactersView.swift in Sources */ = {isa = PBXBuildFile; fileRef = 65A96E262BAF485E00FE11EF /* CharactersView.swift */; };
		65A96E292BAF488000FE11EF /* CharactersFeature.swift in Sources */ = {isa = PBXBuildFile; fileRef = 65A96E282BAF488000FE11EF /* CharactersFeature.swift */; };
		65A96E2B2BAF48EA00FE11EF /* Character.swift in Sources */ = {isa = PBXBuildFile; fileRef = 65A96E2A2BAF48EA00FE11EF /* Character.swift */; };
		65A96E2D2BAF520B00FE11EF /* CharactersService.swift in Sources */ = {isa = PBXBuildFile; fileRef = 65A96E2C2BAF520B00FE11EF /* CharactersService.swift */; };
		65A96E312BAF625900FE11EF /* Quote.swift in Sources */ = {isa = PBXBuildFile; fileRef = 65A96E302BAF625900FE11EF /* Quote.swift */; };
		65A96E342BAF62AB00FE11EF /* QuoteService.swift in Sources */ = {isa = PBXBuildFile; fileRef = 65A96E332BAF62AB00FE11EF /* QuoteService.swift */; };
		65A96E372BAF643700FE11EF /* QuoteView.swift in Sources */ = {isa = PBXBuildFile; fileRef = 65A96E362BAF643700FE11EF /* QuoteView.swift */; };
		65A96E392BAF644300FE11EF /* QuoteFeature.swift in Sources */ = {isa = PBXBuildFile; fileRef = 65A96E382BAF644300FE11EF /* QuoteFeature.swift */; };
		65E626A82BAE049B00D6CBE7 /* GameOfThronesWikiApp.swift in Sources */ = {isa = PBXBuildFile; fileRef = 65E626A72BAE049B00D6CBE7 /* GameOfThronesWikiApp.swift */; };
		65E626AA2BAE049B00D6CBE7 /* ContentView.swift in Sources */ = {isa = PBXBuildFile; fileRef = 65E626A92BAE049B00D6CBE7 /* ContentView.swift */; };
		65E626AC2BAE049F00D6CBE7 /* Assets.xcassets in Resources */ = {isa = PBXBuildFile; fileRef = 65E626AB2BAE049F00D6CBE7 /* Assets.xcassets */; };
		65E626AF2BAE049F00D6CBE7 /* Preview Assets.xcassets in Resources */ = {isa = PBXBuildFile; fileRef = 65E626AE2BAE049F00D6CBE7 /* Preview Assets.xcassets */; };
		65E626B92BAE04A000D6CBE7 /* GameOfThronesWikiTests.swift in Sources */ = {isa = PBXBuildFile; fileRef = 65E626B82BAE04A000D6CBE7 /* GameOfThronesWikiTests.swift */; };
		65E626C32BAE04A000D6CBE7 /* GameOfThronesWikiUITests.swift in Sources */ = {isa = PBXBuildFile; fileRef = 65E626C22BAE04A000D6CBE7 /* GameOfThronesWikiUITests.swift */; };
		65E626C52BAE04A000D6CBE7 /* GameOfThronesWikiUITestsLaunchTests.swift in Sources */ = {isa = PBXBuildFile; fileRef = 65E626C42BAE04A000D6CBE7 /* GameOfThronesWikiUITestsLaunchTests.swift */; };
		65E626D32BAE089400D6CBE7 /* ComposableArchitecture in Frameworks */ = {isa = PBXBuildFile; productRef = 65E626D22BAE089400D6CBE7 /* ComposableArchitecture */; };
/* End PBXBuildFile section */

/* Begin PBXContainerItemProxy section */
		65E626B52BAE04A000D6CBE7 /* PBXContainerItemProxy */ = {
			isa = PBXContainerItemProxy;
			containerPortal = 65E6269C2BAE049B00D6CBE7 /* Project object */;
			proxyType = 1;
			remoteGlobalIDString = 65E626A32BAE049B00D6CBE7;
			remoteInfo = GameOfThronesWiki;
		};
		65E626BF2BAE04A000D6CBE7 /* PBXContainerItemProxy */ = {
			isa = PBXContainerItemProxy;
			containerPortal = 65E6269C2BAE049B00D6CBE7 /* Project object */;
			proxyType = 1;
			remoteGlobalIDString = 65E626A32BAE049B00D6CBE7;
			remoteInfo = GameOfThronesWiki;
		};
/* End PBXContainerItemProxy section */

/* Begin PBXFileReference section */
		65A96E232BAF479000FE11EF /* AppFeature.swift */ = {isa = PBXFileReference; lastKnownFileType = sourcecode.swift; path = AppFeature.swift; sourceTree = "<group>"; };
		65A96E262BAF485E00FE11EF /* CharactersView.swift */ = {isa = PBXFileReference; lastKnownFileType = sourcecode.swift; path = CharactersView.swift; sourceTree = "<group>"; };
		65A96E282BAF488000FE11EF /* CharactersFeature.swift */ = {isa = PBXFileReference; lastKnownFileType = sourcecode.swift; path = CharactersFeature.swift; sourceTree = "<group>"; };
		65A96E2A2BAF48EA00FE11EF /* Character.swift */ = {isa = PBXFileReference; lastKnownFileType = sourcecode.swift; path = Character.swift; sourceTree = "<group>"; };
		65A96E2C2BAF520B00FE11EF /* CharactersService.swift */ = {isa = PBXFileReference; lastKnownFileType = sourcecode.swift; path = CharactersService.swift; sourceTree = "<group>"; };
		65A96E302BAF625900FE11EF /* Quote.swift */ = {isa = PBXFileReference; lastKnownFileType = sourcecode.swift; path = Quote.swift; sourceTree = "<group>"; };
		65A96E332BAF62AB00FE11EF /* QuoteService.swift */ = {isa = PBXFileReference; lastKnownFileType = sourcecode.swift; path = QuoteService.swift; sourceTree = "<group>"; };
		65A96E362BAF643700FE11EF /* QuoteView.swift */ = {isa = PBXFileReference; lastKnownFileType = sourcecode.swift; path = QuoteView.swift; sourceTree = "<group>"; };
		65A96E382BAF644300FE11EF /* QuoteFeature.swift */ = {isa = PBXFileReference; lastKnownFileType = sourcecode.swift; path = QuoteFeature.swift; sourceTree = "<group>"; };
		65E626A42BAE049B00D6CBE7 /* GameOfThronesWiki.app */ = {isa = PBXFileReference; explicitFileType = wrapper.application; includeInIndex = 0; path = GameOfThronesWiki.app; sourceTree = BUILT_PRODUCTS_DIR; };
		65E626A72BAE049B00D6CBE7 /* GameOfThronesWikiApp.swift */ = {isa = PBXFileReference; lastKnownFileType = sourcecode.swift; path = GameOfThronesWikiApp.swift; sourceTree = "<group>"; };
		65E626A92BAE049B00D6CBE7 /* ContentView.swift */ = {isa = PBXFileReference; lastKnownFileType = sourcecode.swift; path = ContentView.swift; sourceTree = "<group>"; };
		65E626AB2BAE049F00D6CBE7 /* Assets.xcassets */ = {isa = PBXFileReference; lastKnownFileType = folder.assetcatalog; path = Assets.xcassets; sourceTree = "<group>"; };
		65E626AE2BAE049F00D6CBE7 /* Preview Assets.xcassets */ = {isa = PBXFileReference; lastKnownFileType = folder.assetcatalog; path = "Preview Assets.xcassets"; sourceTree = "<group>"; };
		65E626B42BAE04A000D6CBE7 /* GameOfThronesWikiTests.xctest */ = {isa = PBXFileReference; explicitFileType = wrapper.cfbundle; includeInIndex = 0; path = GameOfThronesWikiTests.xctest; sourceTree = BUILT_PRODUCTS_DIR; };
		65E626B82BAE04A000D6CBE7 /* GameOfThronesWikiTests.swift */ = {isa = PBXFileReference; lastKnownFileType = sourcecode.swift; path = GameOfThronesWikiTests.swift; sourceTree = "<group>"; };
		65E626BE2BAE04A000D6CBE7 /* GameOfThronesWikiUITests.xctest */ = {isa = PBXFileReference; explicitFileType = wrapper.cfbundle; includeInIndex = 0; path = GameOfThronesWikiUITests.xctest; sourceTree = BUILT_PRODUCTS_DIR; };
		65E626C22BAE04A000D6CBE7 /* GameOfThronesWikiUITests.swift */ = {isa = PBXFileReference; lastKnownFileType = sourcecode.swift; path = GameOfThronesWikiUITests.swift; sourceTree = "<group>"; };
		65E626C42BAE04A000D6CBE7 /* GameOfThronesWikiUITestsLaunchTests.swift */ = {isa = PBXFileReference; lastKnownFileType = sourcecode.swift; path = GameOfThronesWikiUITestsLaunchTests.swift; sourceTree = "<group>"; };
/* End PBXFileReference section */

/* Begin PBXFrameworksBuildPhase section */
		65E626A12BAE049B00D6CBE7 /* Frameworks */ = {
			isa = PBXFrameworksBuildPhase;
			buildActionMask = 2147483647;
			files = (
				65E626D32BAE089400D6CBE7 /* ComposableArchitecture in Frameworks */,
			);
			runOnlyForDeploymentPostprocessing = 0;
		};
		65E626B12BAE04A000D6CBE7 /* Frameworks */ = {
			isa = PBXFrameworksBuildPhase;
			buildActionMask = 2147483647;
			files = (
			);
			runOnlyForDeploymentPostprocessing = 0;
		};
		65E626BB2BAE04A000D6CBE7 /* Frameworks */ = {
			isa = PBXFrameworksBuildPhase;
			buildActionMask = 2147483647;
			files = (
			);
			runOnlyForDeploymentPostprocessing = 0;
		};
/* End PBXFrameworksBuildPhase section */

/* Begin PBXGroup section */
		65A96E252BAF483500FE11EF /* Characters */ = {
			isa = PBXGroup;
			children = (
				65A96E2A2BAF48EA00FE11EF /* Character.swift */,
				65A96E262BAF485E00FE11EF /* CharactersView.swift */,
				65A96E282BAF488000FE11EF /* CharactersFeature.swift */,
				65A96E2C2BAF520B00FE11EF /* CharactersService.swift */,
			);
			path = Characters;
			sourceTree = "<group>";
		};
		65A96E352BAF642600FE11EF /* Quote */ = {
			isa = PBXGroup;
			children = (
				65A96E302BAF625900FE11EF /* Quote.swift */,
				65A96E362BAF643700FE11EF /* QuoteView.swift */,
				65A96E382BAF644300FE11EF /* QuoteFeature.swift */,
				65A96E332BAF62AB00FE11EF /* QuoteService.swift */,
			);
			path = Quote;
			sourceTree = "<group>";
		};
		65E6269B2BAE049B00D6CBE7 = {
			isa = PBXGroup;
			children = (
				65E626A62BAE049B00D6CBE7 /* GameOfThronesWiki */,
				65E626B72BAE04A000D6CBE7 /* GameOfThronesWikiTests */,
				65E626C12BAE04A000D6CBE7 /* GameOfThronesWikiUITests */,
				65E626A52BAE049B00D6CBE7 /* Products */,
			);
			sourceTree = "<group>";
		};
		65E626A52BAE049B00D6CBE7 /* Products */ = {
			isa = PBXGroup;
			children = (
				65E626A42BAE049B00D6CBE7 /* GameOfThronesWiki.app */,
				65E626B42BAE04A000D6CBE7 /* GameOfThronesWikiTests.xctest */,
				65E626BE2BAE04A000D6CBE7 /* GameOfThronesWikiUITests.xctest */,
			);
			name = Products;
			sourceTree = "<group>";
		};
		65E626A62BAE049B00D6CBE7 /* GameOfThronesWiki */ = {
			isa = PBXGroup;
			children = (
				65A96E252BAF483500FE11EF /* Characters */,
				65A96E352BAF642600FE11EF /* Quote */,
				65E626A72BAE049B00D6CBE7 /* GameOfThronesWikiApp.swift */,
				65E626A92BAE049B00D6CBE7 /* ContentView.swift */,
				65E626AB2BAE049F00D6CBE7 /* Assets.xcassets */,
				65E626AD2BAE049F00D6CBE7 /* Preview Content */,
				65A96E232BAF479000FE11EF /* AppFeature.swift */,
			);
			path = GameOfThronesWiki;
			sourceTree = "<group>";
		};
		65E626AD2BAE049F00D6CBE7 /* Preview Content */ = {
			isa = PBXGroup;
			children = (
				65E626AE2BAE049F00D6CBE7 /* Preview Assets.xcassets */,
			);
			path = "Preview Content";
			sourceTree = "<group>";
		};
		65E626B72BAE04A000D6CBE7 /* GameOfThronesWikiTests */ = {
			isa = PBXGroup;
			children = (
				65E626B82BAE04A000D6CBE7 /* GameOfThronesWikiTests.swift */,
			);
			path = GameOfThronesWikiTests;
			sourceTree = "<group>";
		};
		65E626C12BAE04A000D6CBE7 /* GameOfThronesWikiUITests */ = {
			isa = PBXGroup;
			children = (
				65E626C22BAE04A000D6CBE7 /* GameOfThronesWikiUITests.swift */,
				65E626C42BAE04A000D6CBE7 /* GameOfThronesWikiUITestsLaunchTests.swift */,
			);
			path = GameOfThronesWikiUITests;
			sourceTree = "<group>";
		};
/* End PBXGroup section */

/* Begin PBXNativeTarget section */
		65E626A32BAE049B00D6CBE7 /* GameOfThronesWiki */ = {
			isa = PBXNativeTarget;
			buildConfigurationList = 65E626C82BAE04A000D6CBE7 /* Build configuration list for PBXNativeTarget "GameOfThronesWiki" */;
			buildPhases = (
				65E626A02BAE049B00D6CBE7 /* Sources */,
				65E626A12BAE049B00D6CBE7 /* Frameworks */,
				65E626A22BAE049B00D6CBE7 /* Resources */,
			);
			buildRules = (
			);
			dependencies = (
			);
			name = GameOfThronesWiki;
			packageProductDependencies = (
				65E626D22BAE089400D6CBE7 /* ComposableArchitecture */,
			);
			productName = GameOfThronesWiki;
			productReference = 65E626A42BAE049B00D6CBE7 /* GameOfThronesWiki.app */;
			productType = "com.apple.product-type.application";
		};
		65E626B32BAE04A000D6CBE7 /* GameOfThronesWikiTests */ = {
			isa = PBXNativeTarget;
			buildConfigurationList = 65E626CB2BAE04A000D6CBE7 /* Build configuration list for PBXNativeTarget "GameOfThronesWikiTests" */;
			buildPhases = (
				65E626B02BAE04A000D6CBE7 /* Sources */,
				65E626B12BAE04A000D6CBE7 /* Frameworks */,
				65E626B22BAE04A000D6CBE7 /* Resources */,
			);
			buildRules = (
			);
			dependencies = (
				65E626B62BAE04A000D6CBE7 /* PBXTargetDependency */,
			);
			name = GameOfThronesWikiTests;
			productName = GameOfThronesWikiTests;
			productReference = 65E626B42BAE04A000D6CBE7 /* GameOfThronesWikiTests.xctest */;
			productType = "com.apple.product-type.bundle.unit-test";
		};
		65E626BD2BAE04A000D6CBE7 /* GameOfThronesWikiUITests */ = {
			isa = PBXNativeTarget;
			buildConfigurationList = 65E626CE2BAE04A000D6CBE7 /* Build configuration list for PBXNativeTarget "GameOfThronesWikiUITests" */;
			buildPhases = (
				65E626BA2BAE04A000D6CBE7 /* Sources */,
				65E626BB2BAE04A000D6CBE7 /* Frameworks */,
				65E626BC2BAE04A000D6CBE7 /* Resources */,
			);
			buildRules = (
			);
			dependencies = (
				65E626C02BAE04A000D6CBE7 /* PBXTargetDependency */,
			);
			name = GameOfThronesWikiUITests;
			productName = GameOfThronesWikiUITests;
			productReference = 65E626BE2BAE04A000D6CBE7 /* GameOfThronesWikiUITests.xctest */;
			productType = "com.apple.product-type.bundle.ui-testing";
		};
/* End PBXNativeTarget section */

/* Begin PBXProject section */
		65E6269C2BAE049B00D6CBE7 /* Project object */ = {
			isa = PBXProject;
			attributes = {
				BuildIndependentTargetsInParallel = 1;
				LastSwiftUpdateCheck = 1500;
				LastUpgradeCheck = 1500;
				TargetAttributes = {
					65E626A32BAE049B00D6CBE7 = {
						CreatedOnToolsVersion = 15.0.1;
					};
					65E626B32BAE04A000D6CBE7 = {
						CreatedOnToolsVersion = 15.0.1;
						TestTargetID = 65E626A32BAE049B00D6CBE7;
					};
					65E626BD2BAE04A000D6CBE7 = {
						CreatedOnToolsVersion = 15.0.1;
						TestTargetID = 65E626A32BAE049B00D6CBE7;
					};
				};
			};
			buildConfigurationList = 65E6269F2BAE049B00D6CBE7 /* Build configuration list for PBXProject "GameOfThronesWiki" */;
			compatibilityVersion = "Xcode 14.0";
			developmentRegion = en;
			hasScannedForEncodings = 0;
			knownRegions = (
				en,
				Base,
			);
			mainGroup = 65E6269B2BAE049B00D6CBE7;
			packageReferences = (
				65E626D12BAE089400D6CBE7 /* XCRemoteSwiftPackageReference "swift-composable-architecture" */,
			);
			productRefGroup = 65E626A52BAE049B00D6CBE7 /* Products */;
			projectDirPath = "";
			projectRoot = "";
			targets = (
				65E626A32BAE049B00D6CBE7 /* GameOfThronesWiki */,
				65E626B32BAE04A000D6CBE7 /* GameOfThronesWikiTests */,
				65E626BD2BAE04A000D6CBE7 /* GameOfThronesWikiUITests */,
			);
		};
/* End PBXProject section */

/* Begin PBXResourcesBuildPhase section */
		65E626A22BAE049B00D6CBE7 /* Resources */ = {
			isa = PBXResourcesBuildPhase;
			buildActionMask = 2147483647;
			files = (
				65E626AF2BAE049F00D6CBE7 /* Preview Assets.xcassets in Resources */,
				65E626AC2BAE049F00D6CBE7 /* Assets.xcassets in Resources */,
			);
			runOnlyForDeploymentPostprocessing = 0;
		};
		65E626B22BAE04A000D6CBE7 /* Resources */ = {
			isa = PBXResourcesBuildPhase;
			buildActionMask = 2147483647;
			files = (
			);
			runOnlyForDeploymentPostprocessing = 0;
		};
		65E626BC2BAE04A000D6CBE7 /* Resources */ = {
			isa = PBXResourcesBuildPhase;
			buildActionMask = 2147483647;
			files = (
			);
			runOnlyForDeploymentPostprocessing = 0;
		};
/* End PBXResourcesBuildPhase section */

/* Begin PBXSourcesBuildPhase section */
		65E626A02BAE049B00D6CBE7 /* Sources */ = {
			isa = PBXSourcesBuildPhase;
			buildActionMask = 2147483647;
			files = (
				65A96E2D2BAF520B00FE11EF /* CharactersService.swift in Sources */,
				65A96E372BAF643700FE11EF /* QuoteView.swift in Sources */,
				65A96E342BAF62AB00FE11EF /* QuoteService.swift in Sources */,
				65A96E292BAF488000FE11EF /* CharactersFeature.swift in Sources */,
				65A96E242BAF479000FE11EF /* AppFeature.swift in Sources */,
				65E626AA2BAE049B00D6CBE7 /* ContentView.swift in Sources */,
				65A96E312BAF625900FE11EF /* Quote.swift in Sources */,
				65A96E392BAF644300FE11EF /* QuoteFeature.swift in Sources */,
				65A96E2B2BAF48EA00FE11EF /* Character.swift in Sources */,
				65A96E272BAF485E00FE11EF /* CharactersView.swift in Sources */,
				65E626A82BAE049B00D6CBE7 /* GameOfThronesWikiApp.swift in Sources */,
			);
			runOnlyForDeploymentPostprocessing = 0;
		};
		65E626B02BAE04A000D6CBE7 /* Sources */ = {
			isa = PBXSourcesBuildPhase;
			buildActionMask = 2147483647;
			files = (
				65E626B92BAE04A000D6CBE7 /* GameOfThronesWikiTests.swift in Sources */,
			);
			runOnlyForDeploymentPostprocessing = 0;
		};
		65E626BA2BAE04A000D6CBE7 /* Sources */ = {
			isa = PBXSourcesBuildPhase;
			buildActionMask = 2147483647;
			files = (
				65E626C32BAE04A000D6CBE7 /* GameOfThronesWikiUITests.swift in Sources */,
				65E626C52BAE04A000D6CBE7 /* GameOfThronesWikiUITestsLaunchTests.swift in Sources */,
			);
			runOnlyForDeploymentPostprocessing = 0;
		};
/* End PBXSourcesBuildPhase section */

/* Begin PBXTargetDependency section */
		65E626B62BAE04A000D6CBE7 /* PBXTargetDependency */ = {
			isa = PBXTargetDependency;
			target = 65E626A32BAE049B00D6CBE7 /* GameOfThronesWiki */;
			targetProxy = 65E626B52BAE04A000D6CBE7 /* PBXContainerItemProxy */;
		};
		65E626C02BAE04A000D6CBE7 /* PBXTargetDependency */ = {
			isa = PBXTargetDependency;
			target = 65E626A32BAE049B00D6CBE7 /* GameOfThronesWiki */;
			targetProxy = 65E626BF2BAE04A000D6CBE7 /* PBXContainerItemProxy */;
		};
/* End PBXTargetDependency section */

/* Begin XCBuildConfiguration section */
		65E626C62BAE04A000D6CBE7 /* Debug */ = {
			isa = XCBuildConfiguration;
			buildSettings = {
				ALWAYS_SEARCH_USER_PATHS = NO;
				ASSETCATALOG_COMPILER_GENERATE_SWIFT_ASSET_SYMBOL_EXTENSIONS = YES;
				CLANG_ANALYZER_NONNULL = YES;
				CLANG_ANALYZER_NUMBER_OBJECT_CONVERSION = YES_AGGRESSIVE;
				CLANG_CXX_LANGUAGE_STANDARD = "gnu++20";
				CLANG_ENABLE_MODULES = YES;
				CLANG_ENABLE_OBJC_ARC = YES;
				CLANG_ENABLE_OBJC_WEAK = YES;
				CLANG_WARN_BLOCK_CAPTURE_AUTORELEASING = YES;
				CLANG_WARN_BOOL_CONVERSION = YES;
				CLANG_WARN_COMMA = YES;
				CLANG_WARN_CONSTANT_CONVERSION = YES;
				CLANG_WARN_DEPRECATED_OBJC_IMPLEMENTATIONS = YES;
				CLANG_WARN_DIRECT_OBJC_ISA_USAGE = YES_ERROR;
				CLANG_WARN_DOCUMENTATION_COMMENTS = YES;
				CLANG_WARN_EMPTY_BODY = YES;
				CLANG_WARN_ENUM_CONVERSION = YES;
				CLANG_WARN_INFINITE_RECURSION = YES;
				CLANG_WARN_INT_CONVERSION = YES;
				CLANG_WARN_NON_LITERAL_NULL_CONVERSION = YES;
				CLANG_WARN_OBJC_IMPLICIT_RETAIN_SELF = YES;
				CLANG_WARN_OBJC_LITERAL_CONVERSION = YES;
				CLANG_WARN_OBJC_ROOT_CLASS = YES_ERROR;
				CLANG_WARN_QUOTED_INCLUDE_IN_FRAMEWORK_HEADER = YES;
				CLANG_WARN_RANGE_LOOP_ANALYSIS = YES;
				CLANG_WARN_STRICT_PROTOTYPES = YES;
				CLANG_WARN_SUSPICIOUS_MOVE = YES;
				CLANG_WARN_UNGUARDED_AVAILABILITY = YES_AGGRESSIVE;
				CLANG_WARN_UNREACHABLE_CODE = YES;
				CLANG_WARN__DUPLICATE_METHOD_MATCH = YES;
				COPY_PHASE_STRIP = NO;
				DEBUG_INFORMATION_FORMAT = dwarf;
				ENABLE_STRICT_OBJC_MSGSEND = YES;
				ENABLE_TESTABILITY = YES;
				ENABLE_USER_SCRIPT_SANDBOXING = YES;
				GCC_C_LANGUAGE_STANDARD = gnu17;
				GCC_DYNAMIC_NO_PIC = NO;
				GCC_NO_COMMON_BLOCKS = YES;
				GCC_OPTIMIZATION_LEVEL = 0;
				GCC_PREPROCESSOR_DEFINITIONS = (
					"DEBUG=1",
					"$(inherited)",
				);
				GCC_WARN_64_TO_32_BIT_CONVERSION = YES;
				GCC_WARN_ABOUT_RETURN_TYPE = YES_ERROR;
				GCC_WARN_UNDECLARED_SELECTOR = YES;
				GCC_WARN_UNINITIALIZED_AUTOS = YES_AGGRESSIVE;
				GCC_WARN_UNUSED_FUNCTION = YES;
				GCC_WARN_UNUSED_VARIABLE = YES;
				IPHONEOS_DEPLOYMENT_TARGET = 17.0;
				LOCALIZATION_PREFERS_STRING_CATALOGS = YES;
				MTL_ENABLE_DEBUG_INFO = INCLUDE_SOURCE;
				MTL_FAST_MATH = YES;
				ONLY_ACTIVE_ARCH = YES;
				SDKROOT = iphoneos;
				SWIFT_ACTIVE_COMPILATION_CONDITIONS = "DEBUG $(inherited)";
				SWIFT_OPTIMIZATION_LEVEL = "-Onone";
			};
			name = Debug;
		};
		65E626C72BAE04A000D6CBE7 /* Release */ = {
			isa = XCBuildConfiguration;
			buildSettings = {
				ALWAYS_SEARCH_USER_PATHS = NO;
				ASSETCATALOG_COMPILER_GENERATE_SWIFT_ASSET_SYMBOL_EXTENSIONS = YES;
				CLANG_ANALYZER_NONNULL = YES;
				CLANG_ANALYZER_NUMBER_OBJECT_CONVERSION = YES_AGGRESSIVE;
				CLANG_CXX_LANGUAGE_STANDARD = "gnu++20";
				CLANG_ENABLE_MODULES = YES;
				CLANG_ENABLE_OBJC_ARC = YES;
				CLANG_ENABLE_OBJC_WEAK = YES;
				CLANG_WARN_BLOCK_CAPTURE_AUTORELEASING = YES;
				CLANG_WARN_BOOL_CONVERSION = YES;
				CLANG_WARN_COMMA = YES;
				CLANG_WARN_CONSTANT_CONVERSION = YES;
				CLANG_WARN_DEPRECATED_OBJC_IMPLEMENTATIONS = YES;
				CLANG_WARN_DIRECT_OBJC_ISA_USAGE = YES_ERROR;
				CLANG_WARN_DOCUMENTATION_COMMENTS = YES;
				CLANG_WARN_EMPTY_BODY = YES;
				CLANG_WARN_ENUM_CONVERSION = YES;
				CLANG_WARN_INFINITE_RECURSION = YES;
				CLANG_WARN_INT_CONVERSION = YES;
				CLANG_WARN_NON_LITERAL_NULL_CONVERSION = YES;
				CLANG_WARN_OBJC_IMPLICIT_RETAIN_SELF = YES;
				CLANG_WARN_OBJC_LITERAL_CONVERSION = YES;
				CLANG_WARN_OBJC_ROOT_CLASS = YES_ERROR;
				CLANG_WARN_QUOTED_INCLUDE_IN_FRAMEWORK_HEADER = YES;
				CLANG_WARN_RANGE_LOOP_ANALYSIS = YES;
				CLANG_WARN_STRICT_PROTOTYPES = YES;
				CLANG_WARN_SUSPICIOUS_MOVE = YES;
				CLANG_WARN_UNGUARDED_AVAILABILITY = YES_AGGRESSIVE;
				CLANG_WARN_UNREACHABLE_CODE = YES;
				CLANG_WARN__DUPLICATE_METHOD_MATCH = YES;
				COPY_PHASE_STRIP = NO;
				DEBUG_INFORMATION_FORMAT = "dwarf-with-dsym";
				ENABLE_NS_ASSERTIONS = NO;
				ENABLE_STRICT_OBJC_MSGSEND = YES;
				ENABLE_USER_SCRIPT_SANDBOXING = YES;
				GCC_C_LANGUAGE_STANDARD = gnu17;
				GCC_NO_COMMON_BLOCKS = YES;
				GCC_WARN_64_TO_32_BIT_CONVERSION = YES;
				GCC_WARN_ABOUT_RETURN_TYPE = YES_ERROR;
				GCC_WARN_UNDECLARED_SELECTOR = YES;
				GCC_WARN_UNINITIALIZED_AUTOS = YES_AGGRESSIVE;
				GCC_WARN_UNUSED_FUNCTION = YES;
				GCC_WARN_UNUSED_VARIABLE = YES;
				IPHONEOS_DEPLOYMENT_TARGET = 17.0;
				LOCALIZATION_PREFERS_STRING_CATALOGS = YES;
				MTL_ENABLE_DEBUG_INFO = NO;
				MTL_FAST_MATH = YES;
				SDKROOT = iphoneos;
				SWIFT_COMPILATION_MODE = wholemodule;
				VALIDATE_PRODUCT = YES;
			};
			name = Release;
		};
		65E626C92BAE04A000D6CBE7 /* Debug */ = {
			isa = XCBuildConfiguration;
			buildSettings = {
				ASSETCATALOG_COMPILER_APPICON_NAME = AppIcon;
				ASSETCATALOG_COMPILER_GLOBAL_ACCENT_COLOR_NAME = AccentColor;
				CODE_SIGN_STYLE = Automatic;
				CURRENT_PROJECT_VERSION = 1;
				DEVELOPMENT_ASSET_PATHS = "\"GameOfThronesWiki/Preview Content\"";
				DEVELOPMENT_TEAM = N422BWS4VH;
				ENABLE_PREVIEWS = YES;
				GENERATE_INFOPLIST_FILE = YES;
				INFOPLIST_KEY_UIApplicationSceneManifest_Generation = YES;
				INFOPLIST_KEY_UIApplicationSupportsIndirectInputEvents = YES;
				INFOPLIST_KEY_UILaunchScreen_Generation = YES;
				INFOPLIST_KEY_UISupportedInterfaceOrientations_iPad = "UIInterfaceOrientationPortrait UIInterfaceOrientationPortraitUpsideDown UIInterfaceOrientationLandscapeLeft UIInterfaceOrientationLandscapeRight";
				INFOPLIST_KEY_UISupportedInterfaceOrientations_iPhone = "UIInterfaceOrientationPortrait UIInterfaceOrientationLandscapeLeft UIInterfaceOrientationLandscapeRight";
				LD_RUNPATH_SEARCH_PATHS = (
					"$(inherited)",
					"@executable_path/Frameworks",
				);
				MARKETING_VERSION = 1.0;
				PRODUCT_BUNDLE_IDENTIFIER = com.tarlan.GameOfThronesWiki;
				PRODUCT_NAME = "$(TARGET_NAME)";
				SWIFT_EMIT_LOC_STRINGS = YES;
				SWIFT_VERSION = 5.0;
				TARGETED_DEVICE_FAMILY = "1,2";
			};
			name = Debug;
		};
		65E626CA2BAE04A000D6CBE7 /* Release */ = {
			isa = XCBuildConfiguration;
			buildSettings = {
				ASSETCATALOG_COMPILER_APPICON_NAME = AppIcon;
				ASSETCATALOG_COMPILER_GLOBAL_ACCENT_COLOR_NAME = AccentColor;
				CODE_SIGN_STYLE = Automatic;
				CURRENT_PROJECT_VERSION = 1;
				DEVELOPMENT_ASSET_PATHS = "\"GameOfThronesWiki/Preview Content\"";
				DEVELOPMENT_TEAM = N422BWS4VH;
				ENABLE_PREVIEWS = YES;
				GENERATE_INFOPLIST_FILE = YES;
				INFOPLIST_KEY_UIApplicationSceneManifest_Generation = YES;
				INFOPLIST_KEY_UIApplicationSupportsIndirectInputEvents = YES;
				INFOPLIST_KEY_UILaunchScreen_Generation = YES;
				INFOPLIST_KEY_UISupportedInterfaceOrientations_iPad = "UIInterfaceOrientationPortrait UIInterfaceOrientationPortraitUpsideDown UIInterfaceOrientationLandscapeLeft UIInterfaceOrientationLandscapeRight";
				INFOPLIST_KEY_UISupportedInterfaceOrientations_iPhone = "UIInterfaceOrientationPortrait UIInterfaceOrientationLandscapeLeft UIInterfaceOrientationLandscapeRight";
				LD_RUNPATH_SEARCH_PATHS = (
					"$(inherited)",
					"@executable_path/Frameworks",
				);
				MARKETING_VERSION = 1.0;
				PRODUCT_BUNDLE_IDENTIFIER = com.tarlan.GameOfThronesWiki;
				PRODUCT_NAME = "$(TARGET_NAME)";
				SWIFT_EMIT_LOC_STRINGS = YES;
				SWIFT_VERSION = 5.0;
				TARGETED_DEVICE_FAMILY = "1,2";
			};
			name = Release;
		};
		65E626CC2BAE04A000D6CBE7 /* Debug */ = {
			isa = XCBuildConfiguration;
			buildSettings = {
				ALWAYS_EMBED_SWIFT_STANDARD_LIBRARIES = YES;
				BUNDLE_LOADER = "$(TEST_HOST)";
				CODE_SIGN_STYLE = Automatic;
				CURRENT_PROJECT_VERSION = 1;
				DEVELOPMENT_TEAM = N422BWS4VH;
				GENERATE_INFOPLIST_FILE = YES;
				IPHONEOS_DEPLOYMENT_TARGET = 17.0;
				MARKETING_VERSION = 1.0;
				PRODUCT_BUNDLE_IDENTIFIER = com.tarlan.GameOfThronesWikiTests;
				PRODUCT_NAME = "$(TARGET_NAME)";
				SWIFT_EMIT_LOC_STRINGS = NO;
				SWIFT_VERSION = 5.0;
				TARGETED_DEVICE_FAMILY = "1,2";
				TEST_HOST = "$(BUILT_PRODUCTS_DIR)/GameOfThronesWiki.app/$(BUNDLE_EXECUTABLE_FOLDER_PATH)/GameOfThronesWiki";
			};
			name = Debug;
		};
		65E626CD2BAE04A000D6CBE7 /* Release */ = {
			isa = XCBuildConfiguration;
			buildSettings = {
				ALWAYS_EMBED_SWIFT_STANDARD_LIBRARIES = YES;
				BUNDLE_LOADER = "$(TEST_HOST)";
				CODE_SIGN_STYLE = Automatic;
				CURRENT_PROJECT_VERSION = 1;
				DEVELOPMENT_TEAM = N422BWS4VH;
				GENERATE_INFOPLIST_FILE = YES;
				IPHONEOS_DEPLOYMENT_TARGET = 17.0;
				MARKETING_VERSION = 1.0;
				PRODUCT_BUNDLE_IDENTIFIER = com.tarlan.GameOfThronesWikiTests;
				PRODUCT_NAME = "$(TARGET_NAME)";
				SWIFT_EMIT_LOC_STRINGS = NO;
				SWIFT_VERSION = 5.0;
				TARGETED_DEVICE_FAMILY = "1,2";
				TEST_HOST = "$(BUILT_PRODUCTS_DIR)/GameOfThronesWiki.app/$(BUNDLE_EXECUTABLE_FOLDER_PATH)/GameOfThronesWiki";
			};
			name = Release;
		};
		65E626CF2BAE04A000D6CBE7 /* Debug */ = {
			isa = XCBuildConfiguration;
			buildSettings = {
				ALWAYS_EMBED_SWIFT_STANDARD_LIBRARIES = YES;
				CODE_SIGN_STYLE = Automatic;
				CURRENT_PROJECT_VERSION = 1;
				DEVELOPMENT_TEAM = N422BWS4VH;
				GENERATE_INFOPLIST_FILE = YES;
				MARKETING_VERSION = 1.0;
				PRODUCT_BUNDLE_IDENTIFIER = com.tarlan.GameOfThronesWikiUITests;
				PRODUCT_NAME = "$(TARGET_NAME)";
				SWIFT_EMIT_LOC_STRINGS = NO;
				SWIFT_VERSION = 5.0;
				TARGETED_DEVICE_FAMILY = "1,2";
				TEST_TARGET_NAME = GameOfThronesWiki;
			};
			name = Debug;
		};
		65E626D02BAE04A000D6CBE7 /* Release */ = {
			isa = XCBuildConfiguration;
			buildSettings = {
				ALWAYS_EMBED_SWIFT_STANDARD_LIBRARIES = YES;
				CODE_SIGN_STYLE = Automatic;
				CURRENT_PROJECT_VERSION = 1;
				DEVELOPMENT_TEAM = N422BWS4VH;
				GENERATE_INFOPLIST_FILE = YES;
				MARKETING_VERSION = 1.0;
				PRODUCT_BUNDLE_IDENTIFIER = com.tarlan.GameOfThronesWikiUITests;
				PRODUCT_NAME = "$(TARGET_NAME)";
				SWIFT_EMIT_LOC_STRINGS = NO;
				SWIFT_VERSION = 5.0;
				TARGETED_DEVICE_FAMILY = "1,2";
				TEST_TARGET_NAME = GameOfThronesWiki;
			};
			name = Release;
		};
/* End XCBuildConfiguration section */

/* Begin XCConfigurationList section */
		65E6269F2BAE049B00D6CBE7 /* Build configuration list for PBXProject "GameOfThronesWiki" */ = {
			isa = XCConfigurationList;
			buildConfigurations = (
				65E626C62BAE04A000D6CBE7 /* Debug */,
				65E626C72BAE04A000D6CBE7 /* Release */,
			);
			defaultConfigurationIsVisible = 0;
			defaultConfigurationName = Release;
		};
		65E626C82BAE04A000D6CBE7 /* Build configuration list for PBXNativeTarget "GameOfThronesWiki" */ = {
			isa = XCConfigurationList;
			buildConfigurations = (
				65E626C92BAE04A000D6CBE7 /* Debug */,
				65E626CA2BAE04A000D6CBE7 /* Release */,
			);
			defaultConfigurationIsVisible = 0;
			defaultConfigurationName = Release;
		};
		65E626CB2BAE04A000D6CBE7 /* Build configuration list for PBXNativeTarget "GameOfThronesWikiTests" */ = {
			isa = XCConfigurationList;
			buildConfigurations = (
				65E626CC2BAE04A000D6CBE7 /* Debug */,
				65E626CD2BAE04A000D6CBE7 /* Release */,
			);
			defaultConfigurationIsVisible = 0;
			defaultConfigurationName = Release;
		};
		65E626CE2BAE04A000D6CBE7 /* Build configuration list for PBXNativeTarget "GameOfThronesWikiUITests" */ = {
			isa = XCConfigurationList;
			buildConfigurations = (
				65E626CF2BAE04A000D6CBE7 /* Debug */,
				65E626D02BAE04A000D6CBE7 /* Release */,
			);
			defaultConfigurationIsVisible = 0;
			defaultConfigurationName = Release;
		};
/* End XCConfigurationList section */

/* Begin XCRemoteSwiftPackageReference section */
		65E626D12BAE089400D6CBE7 /* XCRemoteSwiftPackageReference "swift-composable-architecture" */ = {
			isa = XCRemoteSwiftPackageReference;
			repositoryURL = "https://github.com/pointfreeco/swift-composable-architecture";
			requirement = {
				kind = upToNextMajorVersion;
				minimumVersion = 1.9.2;
			};
		};
/* End XCRemoteSwiftPackageReference section */

/* Begin XCSwiftPackageProductDependency section */
		65E626D22BAE089400D6CBE7 /* ComposableArchitecture */ = {
			isa = XCSwiftPackageProductDependency;
			package = 65E626D12BAE089400D6CBE7 /* XCRemoteSwiftPackageReference "swift-composable-architecture" */;
			productName = ComposableArchitecture;
		};
/* End XCSwiftPackageProductDependency section */
	};
	rootObject = 65E6269C2BAE049B00D6CBE7 /* Project object */;
}
